{
  "name": "NSC-2024-AILCAP",
  "lockfileVersion": 3,
  "requires": true,
  "packages": {
    "": {
      "name": "NSC-2024-AILCAP",
      "dependencies": {
        "coffeescript": "^2.7.0",
        "deepzoomtools": "^0.0.1"
      }
    },
    "node_modules/amdefine": {
      "version": "1.0.1",
      "resolved": "https://registry.npmjs.org/amdefine/-/amdefine-1.0.1.tgz",
      "integrity": "sha512-S2Hw0TtNkMJhIabBwIojKL9YHO5T0n5eNqWJ7Lrlel/zDbftQpxpapi8tZs3X1HWa+u+QeydGmzzNU0m09+Rcg==",
      "license": "BSD-3-Clause OR MIT",
      "engines": {
        "node": ">=0.4.2"
      }
    },
    "node_modules/array-parallel": {
      "version": "0.1.3",
      "resolved": "https://registry.npmjs.org/array-parallel/-/array-parallel-0.1.3.tgz",
      "integrity": "sha512-TDPTwSWW5E4oiFiKmz6RGJ/a80Y91GuLgUYuLd49+XBS75tYo8PNgaT2K/OxuQYqkoI852MDGBorg9OcUSTQ8w==",
      "license": "MIT"
    },
    "node_modules/array-series": {
      "version": "0.1.5",
      "resolved": "https://registry.npmjs.org/array-series/-/array-series-0.1.5.tgz",
      "integrity": "sha512-L0XlBwfx9QetHOsbLDrE/vh2t018w9462HM3iaFfxRiK83aJjAt/Ja3NMkOW7FICwWTlQBa3ZbL5FKhuQWkDrg==",
      "license": "MIT"
    },
    "node_modules/coffee-script": {
      "version": "1.6.3",
      "resolved": "https://registry.npmjs.org/coffee-script/-/coffee-script-1.6.3.tgz",
      "integrity": "sha512-lpusDYw9xym9ZOqFIeQuzzvTvunm2nlRL++BYhUcLn+77vuidExZG+qDPSKUfDXvuaHeFK6QavntXF+HiOq+/Q==",
      "deprecated": "CoffeeScript on NPM has moved to \"coffeescript\" (no hyphen)",
      "bin": {
        "cake": "bin/cake",
        "coffee": "bin/coffee"
      },
      "engines": {
        "node": ">=0.8.0"
      }
    },
    "node_modules/coffeescript": {
      "version": "2.7.0",
      "resolved": "https://registry.npmjs.org/coffeescript/-/coffeescript-2.7.0.tgz",
      "integrity": "sha512-hzWp6TUE2d/jCcN67LrW1eh5b/rSDKQK6oD6VMLlggYVUUFexgTH9z3dNYihzX4RMhze5FTUsUmOXViJKFQR/A==",
      "license": "MIT",
      "bin": {
        "cake": "bin/cake",
        "coffee": "bin/coffee"
      },
      "engines": {
        "node": ">=6"
      }
    },
    "node_modules/debug": {
      "version": "0.7.0",
      "resolved": "https://registry.npmjs.org/debug/-/debug-0.7.0.tgz",
      "integrity": "sha512-UWZnvGiX9tQgtrsA+mhGLKnUFvr1moempl9IvqQKyFnEgN0T4kpCE+KJcqTLcVxQjRVRnLF3VSE1Hchki5N98g==",
      "engines": {
        "node": "*"
      }
    },
    "node_modules/deepzoomtools": {
      "version": "0.0.1",
      "resolved": "https://registry.npmjs.org/deepzoomtools/-/deepzoomtools-0.0.1.tgz",
      "integrity": "sha512-N8aPNVnc4yQVrVE0qFzMdWag3SHDR6wzOXYN1OHOKHKdkkhsXbl06o6aO4Zr7dqcrkMmhaNLhJrkeYkIrVIyRQ==",
      "license": "MIT",
      "dependencies": {
        "coffee-script": "~1.6.3",
        "gm": "~1.13.1",
        "mkdirp": "~0.3.5",
        "progress": "~1.1.0",
        "streamline": "~0.8.0",
        "xml2js": "~0.2.8"
      }
    },
    "node_modules/gm": {
      "version": "1.13.3",
      "resolved": "https://registry.npmjs.org/gm/-/gm-1.13.3.tgz",
      "integrity": "sha512-F3jSZJJnoAx0uTs9OfSv+rCWizCb9izhHGPJ2/BlaOP+0+lPy4L4jsCj8A7p88WxHvVa1yX0aPEXnHwqPW4nHw==",
      "license": "MIT",
      "dependencies": {
        "array-parallel": "~0.1.0",
        "array-series": "~0.1.0",
        "debug": "0.7.0",
        "stream-to-buffer": "~0.0.1",
        "through": "~2.3.1"
      },
      "engines": {
        "node": ">= 0.8.0"
      }
    },
    "node_modules/mkdirp": {
      "version": "0.3.5",
      "resolved": "https://registry.npmjs.org/mkdirp/-/mkdirp-0.3.5.tgz",
      "integrity": "sha512-8OCq0De/h9ZxseqzCH8Kw/Filf5pF/vMI6+BH7Lu0jXz2pqYCjTAQRolSxRIi+Ax+oCCjlxoJMP0YQ4XlrQNHg==",
      "deprecated": "Legacy versions of mkdirp are no longer supported. Please update to mkdirp 1.x. (Note that the API surface has changed to use Promises in 1.x.)",
      "license": "MIT"
    },
    "node_modules/progress": {
      "version": "1.1.8",
      "resolved": "https://registry.npmjs.org/progress/-/progress-1.1.8.tgz",
      "integrity": "sha512-UdA8mJ4weIkUBO224tIarHzuHs4HuYiJvsuGT7j/SPQiUJVjYvNDBIPa0hAorduOfjGohB/qHWRa/lrrWX/mXw==",
      "engines": {
        "node": ">=0.4.0"
      }
    },
    "node_modules/sax": {
      "version": "0.5.8",
      "resolved": "https://registry.npmjs.org/sax/-/sax-0.5.8.tgz",
      "integrity": "sha512-c0YL9VcSfcdH3F1Qij9qpYJFpKFKMXNOkLWFssBL3RuF7ZS8oZhllR2rWlCRjDTJsfq3R6wbSsaRU6o0rkEdNw==",
      "license": "BSD"
    },
    "node_modules/source-map": {
      "version": "0.1.43",
      "resolved": "https://registry.npmjs.org/source-map/-/source-map-0.1.43.tgz",
      "integrity": "sha512-VtCvB9SIQhk3aF6h+N85EaqIaBFIAfZ9Cu+NJHHVvc8BbEcnvDcFw6sqQ2dQrT6SlOrZq3tIvyD9+EGq/lJryQ==",
      "dependencies": {
        "amdefine": ">=0.0.4"
      },
      "engines": {
        "node": ">=0.8.0"
      }
    },
    "node_modules/stream-to-buffer": {
      "version": "0.0.1",
      "resolved": "https://registry.npmjs.org/stream-to-buffer/-/stream-to-buffer-0.0.1.tgz",
      "integrity": "sha512-LsvisgE3iThboRqA+XLmtnY9ktPLVPOj3zZxXMhlezeCcAh0RhomquXJgB8H+lb/RR/pPcbNVGHVKFUwjpoRtw==",
      "license": "MIT",
      "engines": {
        "node": ">= 0.8"
      }
    },
    "node_modules/streamline": {
      "version": "0.8.1",
      "resolved": "https://registry.npmjs.org/streamline/-/streamline-0.8.1.tgz",
      "integrity": "sha512-oJww1e4sP9jLalDR036dfLwr+kPszelk1flruCY2AFvY0trEluarxgQbuK9x8cZ8N+qg2hKCCIVDPIBkwTnRLg==",
      "dependencies": {
        "source-map": "~0.1.27"
      },
      "bin": {
        "_coffee": "bin/_coffee",
        "_node": "bin/_node"
      },
      "engines": {
        "node": ">=0.6.0"
      }
    },
    "node_modules/through": {
      "version": "2.3.8",
      "resolved": "https://registry.npmjs.org/through/-/through-2.3.8.tgz",
      "integrity": "sha512-w89qg7PI8wAdvX60bMDP+bFoD5Dvhm9oLheFp5O4a2QF0cSBGsBX4qZmadPMvVqlLJBBci+WqGGOAPvcDeNSVg==",
      "license": "MIT"
    },
    "node_modules/xml2js": {
      "version": "0.2.8",
      "resolved": "https://registry.npmjs.org/xml2js/-/xml2js-0.2.8.tgz",
      "integrity": "sha512-ZHZBIAO55GHCn2jBYByVPHvHS+o3j8/a/qmpEe6kxO3cTnTCWC3Htq9RYJ5G4XMwMMClD2QkXA9SNdPadLyn3Q==",
      "dependencies": {
        "sax": "0.5.x"
      }
    }
  }
}
